
Microsoft Visual Studio Solution File, Format Version 12.00
# Visual Studio 15
VisualStudioVersion = 15.0.28010.2036
MinimumVisualStudioVersion = 10.0.40219.1
Project("{FAE04EC0-301F-11D3-BF4B-00C04F79EFBC}") = "WpfApp2GoodsSearch", "WpfApp2GoodsSearch.csproj", "{FE75B0BA-0258-4707-BB9A-D2EFDCA2A0B2}"
EndProject
Global
	GlobalSection(SolutionConfigurationPlatforms) = preSolution
		Debug|Any CPU = Debug|Any CPU
		Release|Any CPU = Release|Any CPU
	EndGlobalSection
	GlobalSection(ProjectConfigurationPlatforms) = postSolution
		{FE75B0BA-0258-4707-BB9A-D2EFDCA2A0B2}.Debug|Any CPU.ActiveCfg = Debug|Any CPU
		{FE75B0BA-0258-4707-BB9A-D2EFDCA2A0B2}.Debug|Any CPU.Build.0 = Debug|Any CPU
		{FE75B0BA-0258-4707-BB9A-D2EFDCA2A0B2}.Release|Any CPU.ActiveCfg = Release|Any CPU
		{FE75B0BA-0258-4707-BB9A-D2EFDCA2A0B2}.Release|Any CPU.Build.0 = Release|Any CPU
	EndGlobalSection
	GlobalSection(SolutionProperties) = preSolution
		HideSolutionNode = FALSE
	EndGlobalSection
	GlobalSection(ExtensibilityGlobals) = postSolution
		SolutionGuid = {C7D0E38F-50BA-457B-AF0F-A58B7DC48CF3}
	EndGlobalSection
EndGlobal
